GEM
  remote: https://rubygems.org/
  specs:
    Ascii85 (2.0.1)
    afm (1.0.0)
    base64 (0.3.0)
    bigdecimal (3.3.1)
    byebug (12.0.0)
    cgi (0.5.1)
    connection_pool (3.0.2)
    dotenv (3.2.0)
    hashery (2.1.2)
    json (2.18.0)
    logger (1.7.0)
    multi_json (1.19.1)
    mustermann (3.0.4)
      ruby2_keywords (~> 0.0.1)
    nio4r (2.7.5)
    openai (0.43.0)
      base64
      cgi
      connection_pool
    pdf-reader (2.15.1)
      Ascii85 (>= 1.0, < 3.0, != 2.0.0)
      afm (>= 0.2.1, < 2)
      hashery (~> 2.0)
      ruby-rc4
      ttfunk
    pg (1.6.3)
    pg (1.6.3-arm64-darwin)
    pgvector (0.3.2)
    puma (7.1.0)
      nio4r (~> 2.0)
    rack (3.2.4)
    rack-protection (4.2.1)
      base64 (>= 0.1.0)
      logger (>= 1.6.0)
      rack (>= 3.0.0, < 4)
    rack-session (2.1.1)
      base64 (>= 0.1.0)
      rack (>= 3.0.0)
    rackup (2.3.1)
      rack (>= 3)
    redis (5.4.1)
      redis-client (>= 0.22.0)
    redis-client (0.26.3)
      connection_pool
    ruby-rc4 (0.1.5)
    ruby2_keywords (0.0.5)
    securerandom (0.4.1)
    sequel (5.100.0)
      bigdecimal
    sidekiq (8.1.0)
      connection_pool (>= 3.0.0)
      json (>= 2.16.0)
      logger (>= 1.7.0)
      rack (>= 3.2.0)
      redis-client (>= 0.26.0)
    sinatra (4.2.1)
      logger (>= 1.6.0)
      mustermann (~> 3.0)
      rack (>= 3.0.0, < 4)
      rack-protection (= 4.2.1)
      rack-session (>= 2.0.0, < 3)
      tilt (~> 2.0)
    sinatra-contrib (4.2.1)
      multi_json (>= 0.0.2)
      mustermann (~> 3.0)
      rack-protection (= 4.2.1)
      sinatra (= 4.2.1)
      tilt (~> 2.0)
    tilt (2.7.0)
    ttfunk (1.8.0)
      bigdecimal (~> 3.1)

PLATFORMS
  arm64-darwin-23

DEPENDENCIES
  byebug
  dotenv
  json
  openai
  pdf-reader
  pg
  pgvector
  puma
  rackup
  redis
  securerandom
  sequel
  sidekiq
  sinatra
  sinatra-contrib

BUNDLED WITH
   2.6.9
